// !$*UTF8*$!
{
	archiveVersion = 1;
	classes = {
	};
	objectVersion = 56;
	objects = {

/* Begin PBXBuildFile section */
		74134FC62C6D47C700EA43B1 /* RepeatingHls in Frameworks */ = {isa = PBXBuildFile; productRef = 74134FC52C6D47C700EA43B1 /* RepeatingHls */; };
		7443759D2C5900E700A06580 /* InterstitialSampleApp.swift in Sources */ = {isa = PBXBuildFile; fileRef = 7443759C2C5900E700A06580 /* InterstitialSampleApp.swift */; };
		7443759F2C5900E700A06580 /* ContentView.swift in Sources */ = {isa = PBXBuildFile; fileRef = 7443759E2C5900E700A06580 /* ContentView.swift */; };
		744375A12C5900E800A06580 /* Assets.xcassets in Resources */ = {isa = PBXBuildFile; fileRef = 744375A02C5900E800A06580 /* Assets.xcassets */; };
		744375A52C5900E800A06580 /* Preview Assets.xcassets in Resources */ = {isa = PBXBuildFile; fileRef = 744375A42C5900E800A06580 /* Preview Assets.xcassets */; };
		744375AC2C59017700A06580 /* AdPlayer.swift in Sources */ = {isa = PBXBuildFile; fileRef = 744375AB2C59017700A06580 /* AdPlayer.swift */; };
		74A5F3D32C5907A10079707D /* AVKit.framework in Frameworks */ = {isa = PBXBuildFile; fileRef = 74A5F3D22C5907A10079707D /* AVKit.framework */; };
		74A5F3D62C59258F0079707D /* AudioSession.swift in Sources */ = {isa = PBXBuildFile; fileRef = 74A5F3D52C59258F0079707D /* AudioSession.swift */; };
		74A5F3DB2C5A5F610079707D /* Timeline.swift in Sources */ = {isa = PBXBuildFile; fileRef = 74A5F3DA2C5A5F610079707D /* Timeline.swift */; };
/* End PBXBuildFile section */

/* Begin PBXFileReference section */
		744375992C5900E700A06580 /* InterstitialSample.app */ = {isa = PBXFileReference; explicitFileType = wrapper.application; includeInIndex = 0; path = InterstitialSample.app; sourceTree = BUILT_PRODUCTS_DIR; };
		7443759C2C5900E700A06580 /* InterstitialSampleApp.swift */ = {isa = PBXFileReference; lastKnownFileType = sourcecode.swift; path = InterstitialSampleApp.swift; sourceTree = "<group>"; };
		7443759E2C5900E700A06580 /* ContentView.swift */ = {isa = PBXFileReference; lastKnownFileType = sourcecode.swift; path = ContentView.swift; sourceTree = "<group>"; };
		744375A02C5900E800A06580 /* Assets.xcassets */ = {isa = PBXFileReference; lastKnownFileType = folder.assetcatalog; path = Assets.xcassets; sourceTree = "<group>"; };
		744375A22C5900E800A06580 /* InterstitialSample.entitlements */ = {isa = PBXFileReference; lastKnownFileType = text.plist.entitlements; path = InterstitialSample.entitlements; sourceTree = "<group>"; };
		744375A42C5900E800A06580 /* Preview Assets.xcassets */ = {isa = PBXFileReference; lastKnownFileType = folder.assetcatalog; path = "Preview Assets.xcassets"; sourceTree = "<group>"; };
		744375AB2C59017700A06580 /* AdPlayer.swift */ = {isa = PBXFileReference; lastKnownFileType = sourcecode.swift; path = AdPlayer.swift; sourceTree = "<group>"; };
		74A5F3D22C5907A10079707D /* AVKit.framework */ = {isa = PBXFileReference; lastKnownFileType = wrapper.framework; name = AVKit.framework; path = Platforms/iPhoneOS.platform/Developer/SDKs/iPhoneOS17.2.sdk/System/Library/Frameworks/AVKit.framework; sourceTree = DEVELOPER_DIR; };
		74A5F3D42C5924FB0079707D /* Info.plist */ = {isa = PBXFileReference; lastKnownFileType = text.plist; path = Info.plist; sourceTree = "<group>"; };
		74A5F3D52C59258F0079707D /* AudioSession.swift */ = {isa = PBXFileReference; lastKnownFileType = sourcecode.swift; path = AudioSession.swift; sourceTree = "<group>"; };
		74A5F3DA2C5A5F610079707D /* Timeline.swift */ = {isa = PBXFileReference; lastKnownFileType = sourcecode.swift; path = Timeline.swift; sourceTree = "<group>"; };
/* End PBXFileReference section */

/* Begin PBXFrameworksBuildPhase section */
		744375962C5900E700A06580 /* Frameworks */ = {
			isa = PBXFrameworksBuildPhase;
			buildActionMask = 2147483647;
			files = (
				74134FC62C6D47C700EA43B1 /* RepeatingHls in Frameworks */,
				74A5F3D32C5907A10079707D /* AVKit.framework in Frameworks */,
			);
			runOnlyForDeploymentPostprocessing = 0;
		};
/* End PBXFrameworksBuildPhase section */

/* Begin PBXGroup section */
		744375902C5900E700A06580 = {
			isa = PBXGroup;
			children = (
				7443759B2C5900E700A06580 /* InterstitialSample */,
				7443759A2C5900E700A06580 /* Products */,
				74A5F3D12C5907A10079707D /* Frameworks */,
			);
			sourceTree = "<group>";
		};
		7443759A2C5900E700A06580 /* Products */ = {
			isa = PBXGroup;
			children = (
				744375992C5900E700A06580 /* InterstitialSample.app */,
			);
			name = Products;
			sourceTree = "<group>";
		};
		7443759B2C5900E700A06580 /* InterstitialSample */ = {
			isa = PBXGroup;
			children = (
				74A5F3D42C5924FB0079707D /* Info.plist */,
				7443759C2C5900E700A06580 /* InterstitialSampleApp.swift */,
				74A5F3D52C59258F0079707D /* AudioSession.swift */,
				7443759E2C5900E700A06580 /* ContentView.swift */,
				744375AB2C59017700A06580 /* AdPlayer.swift */,
				74A5F3DA2C5A5F610079707D /* Timeline.swift */,
				744375A02C5900E800A06580 /* Assets.xcassets */,
				744375A22C5900E800A06580 /* InterstitialSample.entitlements */,
				744375A32C5900E800A06580 /* Preview Content */,
			);
			path = InterstitialSample;
			sourceTree = "<group>";
		};
		744375A32C5900E800A06580 /* Preview Content */ = {
			isa = PBXGroup;
			children = (
				744375A42C5900E800A06580 /* Preview Assets.xcassets */,
			);
			path = "Preview Content";
			sourceTree = "<group>";
		};
		74A5F3D12C5907A10079707D /* Frameworks */ = {
			isa = PBXGroup;
			children = (
				74A5F3D22C5907A10079707D /* AVKit.framework */,
			);
			name = Frameworks;
			sourceTree = "<group>";
		};
/* End PBXGroup section */

/* Begin PBXNativeTarget section */
		744375982C5900E700A06580 /* InterstitialSample */ = {
			isa = PBXNativeTarget;
			buildConfigurationList = 744375A82C5900E800A06580 /* Build configuration list for PBXNativeTarget "InterstitialSample" */;
			buildPhases = (
				744375952C5900E700A06580 /* Sources */,
				744375962C5900E700A06580 /* Frameworks */,
				744375972C5900E700A06580 /* Resources */,
			);
			buildRules = (
			);
			dependencies = (
			);
			name = InterstitialSample;
			packageProductDependencies = (
				74134FC52C6D47C700EA43B1 /* RepeatingHls */,
			);
			productName = InterstitialSample;
			productReference = 744375992C5900E700A06580 /* InterstitialSample.app */;
			productType = "com.apple.product-type.application";
		};
/* End PBXNativeTarget section */

/* Begin PBXProject section */
		744375912C5900E700A06580 /* Project object */ = {
			isa = PBXProject;
			attributes = {
				BuildIndependentTargetsInParallel = 1;
				LastSwiftUpdateCheck = 1520;
				LastUpgradeCheck = 1520;
				TargetAttributes = {
					744375982C5900E700A06580 = {
						CreatedOnToolsVersion = 15.2;
					};
				};
			};
			buildConfigurationList = 744375942C5900E700A06580 /* Build configuration list for PBXProject "InterstitialSample" */;
			compatibilityVersion = "Xcode 14.0";
			developmentRegion = en;
			hasScannedForEncodings = 0;
			knownRegions = (
				en,
				Base,
			);
			mainGroup = 744375902C5900E700A06580;
			packageReferences = (
				74134FC42C6D47C700EA43B1 /* XCRemoteSwiftPackageReference "Repeating-HLS-livestream" */,
			);
			productRefGroup = 7443759A2C5900E700A06580 /* Products */;
			projectDirPath = "";
			projectRoot = "";
			targets = (
				744375982C5900E700A06580 /* InterstitialSample */,
			);
		};
/* End PBXProject section */

/* Begin PBXResourcesBuildPhase section */
		744375972C5900E700A06580 /* Resources */ = {
			isa = PBXResourcesBuildPhase;
			buildActionMask = 2147483647;
			files = (
				744375A52C5900E800A06580 /* Preview Assets.xcassets in Resources */,
				744375A12C5900E800A06580 /* Assets.xcassets in Resources */,
			);
			runOnlyForDeploymentPostprocessing = 0;
		};
/* End PBXResourcesBuildPhase section */

/* Begin PBXSourcesBuildPhase section */
		744375952C5900E700A06580 /* Sources */ = {
			isa = PBXSourcesBuildPhase;
			buildActionMask = 2147483647;
			files = (
				744375AC2C59017700A06580 /* AdPlayer.swift in Sources */,
				7443759F2C5900E700A06580 /* ContentView.swift in Sources */,
				7443759D2C5900E700A06580 /* InterstitialSampleApp.swift in Sources */,
				74A5F3DB2C5A5F610079707D /* Timeline.swift in Sources */,
				74A5F3D62C59258F0079707D /* AudioSession.swift in Sources */,
			);
			runOnlyForDeploymentPostprocessing = 0;
		};
/* End PBXSourcesBuildPhase section */

/* Begin XCBuildConfiguration section */
		744375A62C5900E800A06580 /* Debug */ = {
			isa = XCBuildConfiguration;
			buildSettings = {
				ALWAYS_SEARCH_USER_PATHS = NO;
				ASSETCATALOG_COMPILER_GENERATE_SWIFT_ASSET_SYMBOL_EXTENSIONS = YES;
				CLANG_ANALYZER_NONNULL = YES;
				CLANG_ANALYZER_NUMBER_OBJECT_CONVERSION = YES_AGGRESSIVE;
				CLANG_CXX_LANGUAGE_STANDARD = "gnu++20";
				CLANG_ENABLE_MODULES = YES;
				CLANG_ENABLE_OBJC_ARC = YES;
				CLANG_ENABLE_OBJC_WEAK = YES;
				CLANG_WARN_BLOCK_CAPTURE_AUTORELEASING = YES;
				CLANG_WARN_BOOL_CONVERSION = YES;
				CLANG_WARN_COMMA = YES;
				CLANG_WARN_CONSTANT_CONVERSION = YES;
				CLANG_WARN_DEPRECATED_OBJC_IMPLEMENTATIONS = YES;
				CLANG_WARN_DIRECT_OBJC_ISA_USAGE = YES_ERROR;
				CLANG_WARN_DOCUMENTATION_COMMENTS = YES;
				CLANG_WARN_EMPTY_BODY = YES;
				CLANG_WARN_ENUM_CONVERSION = YES;
				CLANG_WARN_INFINITE_RECURSION = YES;
				CLANG_WARN_INT_CONVERSION = YES;
				CLANG_WARN_NON_LITERAL_NULL_CONVERSION = YES;
				CLANG_WARN_OBJC_IMPLICIT_RETAIN_SELF = YES;
				CLANG_WARN_OBJC_LITERAL_CONVERSION = YES;
				CLANG_WARN_OBJC_ROOT_CLASS = YES_ERROR;
				CLANG_WARN_QUOTED_INCLUDE_IN_FRAMEWORK_HEADER = YES;
				CLANG_WARN_RANGE_LOOP_ANALYSIS = YES;
				CLANG_WARN_STRICT_PROTOTYPES = YES;
				CLANG_WARN_SUSPICIOUS_MOVE = YES;
				CLANG_WARN_UNGUARDED_AVAILABILITY = YES_AGGRESSIVE;
				CLANG_WARN_UNREACHABLE_CODE = YES;
				CLANG_WARN__DUPLICATE_METHOD_MATCH = YES;
				COPY_PHASE_STRIP = NO;
				DEBUG_INFORMATION_FORMAT = dwarf;
				ENABLE_STRICT_OBJC_MSGSEND = YES;
				ENABLE_TESTABILITY = YES;
				ENABLE_USER_SCRIPT_SANDBOXING = YES;
				GCC_C_LANGUAGE_STANDARD = gnu17;
				GCC_DYNAMIC_NO_PIC = NO;
				GCC_NO_COMMON_BLOCKS = YES;
				GCC_OPTIMIZATION_LEVEL = 0;
				GCC_PREPROCESSOR_DEFINITIONS = (
					"DEBUG=1",
					"$(inherited)",
				);
				GCC_WARN_64_TO_32_BIT_CONVERSION = YES;
				GCC_WARN_ABOUT_RETURN_TYPE = YES_ERROR;
				GCC_WARN_UNDECLARED_SELECTOR = YES;
				GCC_WARN_UNINITIALIZED_AUTOS = YES_AGGRESSIVE;
				GCC_WARN_UNUSED_FUNCTION = YES;
				GCC_WARN_UNUSED_VARIABLE = YES;
				LOCALIZATION_PREFERS_STRING_CATALOGS = YES;
				MTL_ENABLE_DEBUG_INFO = INCLUDE_SOURCE;
				MTL_FAST_MATH = YES;
				ONLY_ACTIVE_ARCH = YES;
				SWIFT_ACTIVE_COMPILATION_CONDITIONS = "DEBUG $(inherited)";
				SWIFT_OPTIMIZATION_LEVEL = "-Onone";
			};
			name = Debug;
		};
		744375A72C5900E800A06580 /* Release */ = {
			isa = XCBuildConfiguration;
			buildSettings = {
				ALWAYS_SEARCH_USER_PATHS = NO;
				ASSETCATALOG_COMPILER_GENERATE_SWIFT_ASSET_SYMBOL_EXTENSIONS = YES;
				CLANG_ANALYZER_NONNULL = YES;
				CLANG_ANALYZER_NUMBER_OBJECT_CONVERSION = YES_AGGRESSIVE;
				CLANG_CXX_LANGUAGE_STANDARD = "gnu++20";
				CLANG_ENABLE_MODULES = YES;
				CLANG_ENABLE_OBJC_ARC = YES;
				CLANG_ENABLE_OBJC_WEAK = YES;
				CLANG_WARN_BLOCK_CAPTURE_AUTORELEASING = YES;
				CLANG_WARN_BOOL_CONVERSION = YES;
				CLANG_WARN_COMMA = YES;
				CLANG_WARN_CONSTANT_CONVERSION = YES;
				CLANG_WARN_DEPRECATED_OBJC_IMPLEMENTATIONS = YES;
				CLANG_WARN_DIRECT_OBJC_ISA_USAGE = YES_ERROR;
				CLANG_WARN_DOCUMENTATION_COMMENTS = YES;
				CLANG_WARN_EMPTY_BODY = YES;
				CLANG_WARN_ENUM_CONVERSION = YES;
				CLANG_WARN_INFINITE_RECURSION = YES;
				CLANG_WARN_INT_CONVERSION = YES;
				CLANG_WARN_NON_LITERAL_NULL_CONVERSION = YES;
				CLANG_WARN_OBJC_IMPLICIT_RETAIN_SELF = YES;
				CLANG_WARN_OBJC_LITERAL_CONVERSION = YES;
				CLANG_WARN_OBJC_ROOT_CLASS = YES_ERROR;
				CLANG_WARN_QUOTED_INCLUDE_IN_FRAMEWORK_HEADER = YES;
				CLANG_WARN_RANGE_LOOP_ANALYSIS = YES;
				CLANG_WARN_STRICT_PROTOTYPES = YES;
				CLANG_WARN_SUSPICIOUS_MOVE = YES;
				CLANG_WARN_UNGUARDED_AVAILABILITY = YES_AGGRESSIVE;
				CLANG_WARN_UNREACHABLE_CODE = YES;
				CLANG_WARN__DUPLICATE_METHOD_MATCH = YES;
				COPY_PHASE_STRIP = NO;
				DEBUG_INFORMATION_FORMAT = "dwarf-with-dsym";
				ENABLE_NS_ASSERTIONS = NO;
				ENABLE_STRICT_OBJC_MSGSEND = YES;
				ENABLE_USER_SCRIPT_SANDBOXING = YES;
				GCC_C_LANGUAGE_STANDARD = gnu17;
				GCC_NO_COMMON_BLOCKS = YES;
				GCC_WARN_64_TO_32_BIT_CONVERSION = YES;
				GCC_WARN_ABOUT_RETURN_TYPE = YES_ERROR;
				GCC_WARN_UNDECLARED_SELECTOR = YES;
				GCC_WARN_UNINITIALIZED_AUTOS = YES_AGGRESSIVE;
				GCC_WARN_UNUSED_FUNCTION = YES;
				GCC_WARN_UNUSED_VARIABLE = YES;
				LOCALIZATION_PREFERS_STRING_CATALOGS = YES;
				MTL_ENABLE_DEBUG_INFO = NO;
				MTL_FAST_MATH = YES;
				SWIFT_COMPILATION_MODE = wholemodule;
			};
			name = Release;
		};
		744375A92C5900E800A06580 /* Debug */ = {
			isa = XCBuildConfiguration;
			buildSettings = {
				ASSETCATALOG_COMPILER_APPICON_NAME = AppIcon;
				ASSETCATALOG_COMPILER_GLOBAL_ACCENT_COLOR_NAME = AccentColor;
				CODE_SIGN_ENTITLEMENTS = InterstitialSample/InterstitialSample.entitlements;
				CODE_SIGN_STYLE = Automatic;
				CURRENT_PROJECT_VERSION = 1;
				DEVELOPMENT_ASSET_PATHS = "\"InterstitialSample/Preview Content\"";
				DEVELOPMENT_TEAM = 7TD9A665TC;
				ENABLE_HARDENED_RUNTIME = YES;
				ENABLE_PREVIEWS = YES;
				GENERATE_INFOPLIST_FILE = YES;
				INFOPLIST_FILE = InterstitialSample/Info.plist;
				"INFOPLIST_KEY_UIApplicationSceneManifest_Generation[sdk=iphoneos*]" = YES;
				"INFOPLIST_KEY_UIApplicationSceneManifest_Generation[sdk=iphonesimulator*]" = YES;
				"INFOPLIST_KEY_UIApplicationSupportsIndirectInputEvents[sdk=iphoneos*]" = YES;
				"INFOPLIST_KEY_UIApplicationSupportsIndirectInputEvents[sdk=iphonesimulator*]" = YES;
				"INFOPLIST_KEY_UILaunchScreen_Generation[sdk=iphoneos*]" = YES;
				"INFOPLIST_KEY_UILaunchScreen_Generation[sdk=iphonesimulator*]" = YES;
				"INFOPLIST_KEY_UIStatusBarStyle[sdk=iphoneos*]" = UIStatusBarStyleDefault;
				"INFOPLIST_KEY_UIStatusBarStyle[sdk=iphonesimulator*]" = UIStatusBarStyleDefault;
				INFOPLIST_KEY_UISupportedInterfaceOrientations_iPad = "UIInterfaceOrientationPortrait UIInterfaceOrientationPortraitUpsideDown UIInterfaceOrientationLandscapeLeft UIInterfaceOrientationLandscapeRight";
				INFOPLIST_KEY_UISupportedInterfaceOrientations_iPhone = "UIInterfaceOrientationPortrait UIInterfaceOrientationLandscapeLeft UIInterfaceOrientationLandscapeRight";
				IPHONEOS_DEPLOYMENT_TARGET = 17.0;
				LD_RUNPATH_SEARCH_PATHS = "@executable_path/Frameworks";
				"LD_RUNPATH_SEARCH_PATHS[sdk=macosx*]" = "@executable_path/../Frameworks";
				MACOSX_DEPLOYMENT_TARGET = 14.0;
				MARKETING_VERSION = 1.0;
				PRODUCT_BUNDLE_IDENTIFIER = com.theotechnologies.xagget.theoplayerwrapper.InterstitialSample;
				PRODUCT_NAME = "$(TARGET_NAME)";
				SDKROOT = auto;
				SUPPORTED_PLATFORMS = "iphoneos iphonesimulator macosx";
				SWIFT_EMIT_LOC_STRINGS = YES;
				SWIFT_VERSION = 5.0;
				TARGETED_DEVICE_FAMILY = "1,2";
			};
			name = Debug;
		};
		744375AA2C5900E800A06580 /* Release */ = {
			isa = XCBuildConfiguration;
			buildSettings = {
				ASSETCATALOG_COMPILER_APPICON_NAME = AppIcon;
				ASSETCATALOG_COMPILER_GLOBAL_ACCENT_COLOR_NAME = AccentColor;
				CODE_SIGN_ENTITLEMENTS = InterstitialSample/InterstitialSample.entitlements;
				CODE_SIGN_STYLE = Automatic;
				CURRENT_PROJECT_VERSION = 1;
				DEVELOPMENT_ASSET_PATHS = "\"InterstitialSample/Preview Content\"";
				DEVELOPMENT_TEAM = 7TD9A665TC;
				ENABLE_HARDENED_RUNTIME = YES;
				ENABLE_PREVIEWS = YES;
				GENERATE_INFOPLIST_FILE = YES;
				INFOPLIST_FILE = InterstitialSample/Info.plist;
				"INFOPLIST_KEY_UIApplicationSceneManifest_Generation[sdk=iphoneos*]" = YES;
				"INFOPLIST_KEY_UIApplicationSceneManifest_Generation[sdk=iphonesimulator*]" = YES;
				"INFOPLIST_KEY_UIApplicationSupportsIndirectInputEvents[sdk=iphoneos*]" = YES;
				"INFOPLIST_KEY_UIApplicationSupportsIndirectInputEvents[sdk=iphonesimulator*]" = YES;
				"INFOPLIST_KEY_UILaunchScreen_Generation[sdk=iphoneos*]" = YES;
				"INFOPLIST_KEY_UILaunchScreen_Generation[sdk=iphonesimulator*]" = YES;
				"INFOPLIST_KEY_UIStatusBarStyle[sdk=iphoneos*]" = UIStatusBarStyleDefault;
				"INFOPLIST_KEY_UIStatusBarStyle[sdk=iphonesimulator*]" = UIStatusBarStyleDefault;
				INFOPLIST_KEY_UISupportedInterfaceOrientations_iPad = "UIInterfaceOrientationPortrait UIInterfaceOrientationPortraitUpsideDown UIInterfaceOrientationLandscapeLeft UIInterfaceOrientationLandscapeRight";
				INFOPLIST_KEY_UISupportedInterfaceOrientations_iPhone = "UIInterfaceOrientationPortrait UIInterfaceOrientationLandscapeLeft UIInterfaceOrientationLandscapeRight";
				IPHONEOS_DEPLOYMENT_TARGET = 17.0;
				LD_RUNPATH_SEARCH_PATHS = "@executable_path/Frameworks";
				"LD_RUNPATH_SEARCH_PATHS[sdk=macosx*]" = "@executable_path/../Frameworks";
				MACOSX_DEPLOYMENT_TARGET = 14.0;
				MARKETING_VERSION = 1.0;
				PRODUCT_BUNDLE_IDENTIFIER = com.theotechnologies.xagget.theoplayerwrapper.InterstitialSample;
				PRODUCT_NAME = "$(TARGET_NAME)";
				SDKROOT = auto;
				SUPPORTED_PLATFORMS = "iphoneos iphonesimulator macosx";
				SWIFT_EMIT_LOC_STRINGS = YES;
				SWIFT_VERSION = 5.0;
				TARGETED_DEVICE_FAMILY = "1,2";
			};
			name = Release;
		};
/* End XCBuildConfiguration section */

/* Begin XCConfigurationList section */
		744375942C5900E700A06580 /* Build configuration list for PBXProject "InterstitialSample" */ = {
			isa = XCConfigurationList;
			buildConfigurations = (
				744375A62C5900E800A06580 /* Debug */,
				744375A72C5900E800A06580 /* Release */,
			);
			defaultConfigurationIsVisible = 0;
			defaultConfigurationName = Release;
		};
		744375A82C5900E800A06580 /* Build configuration list for PBXNativeTarget "InterstitialSample" */ = {
			isa = XCConfigurationList;
			buildConfigurations = (
				744375A92C5900E800A06580 /* Debug */,
				744375AA2C5900E800A06580 /* Release */,
			);
			defaultConfigurationIsVisible = 0;
			defaultConfigurationName = Release;
		};
/* End XCConfigurationList section */

/* Begin XCRemoteSwiftPackageReference section */
		74134FC42C6D47C700EA43B1 /* XCRemoteSwiftPackageReference "Repeating-HLS-livestream" */ = {
			isa = XCRemoteSwiftPackageReference;
			repositoryURL = "https://github.com/Dev1an/Repeating-HLS-livestream";
			requirement = {
				branch = main;
				kind = branch;
			};
		};
/* End XCRemoteSwiftPackageReference section */

/* Begin XCSwiftPackageProductDependency section */
		74134FC52C6D47C700EA43B1 /* RepeatingHls */ = {
			isa = XCSwiftPackageProductDependency;
			package = 74134FC42C6D47C700EA43B1 /* XCRemoteSwiftPackageReference "Repeating-HLS-livestream" */;
			productName = RepeatingHls;
		};
/* End XCSwiftPackageProductDependency section */
	};
	rootObject = 744375912C5900E700A06580 /* Project object */;
}
